
Microsoft Visual Studio Solution File, Format Version 12.00
# Visual Studio Version 16
VisualStudioVersion = 16.0.31019.35
MinimumVisualStudioVersion = 10.0.40219.1
Project("{FAE04EC0-301F-11D3-BF4B-00C04F79EFBC}") = "DevIo.Entity.FW", "DevIo.Entity.FW\DevIo.Entity.FW.csproj", "{CF2C1E41-176C-4167-9FD2-422FA59A2CCB}"
EndProject
Global
	GlobalSection(SolutionConfigurationPlatforms) = preSolution
		Debug|Any CPU = Debug|Any CPU
		Release|Any CPU = Release|Any CPU
	EndGlobalSection
	GlobalSection(ProjectConfigurationPlatforms) = postSolution
		{CF2C1E41-176C-4167-9FD2-422FA59A2CCB}.Debug|Any CPU.ActiveCfg = Debug|Any CPU
		{CF2C1E41-176C-4167-9FD2-422FA59A2CCB}.Debug|Any CPU.Build.0 = Debug|Any CPU
		{CF2C1E41-176C-4167-9FD2-422FA59A2CCB}.Release|Any CPU.ActiveCfg = Release|Any CPU
		{CF2C1E41-176C-4167-9FD2-422FA59A2CCB}.Release|Any CPU.Build.0 = Release|Any CPU
	EndGlobalSection
	GlobalSection(SolutionProperties) = preSolution
		HideSolutionNode = FALSE
	EndGlobalSection
	GlobalSection(ExtensibilityGlobals) = postSolution
		SolutionGuid = {C7138FE7-7FB2-49FB-AFAA-7B6EC8A0B956}
	EndGlobalSection
EndGlobal
